packages:
- package: calogica/dbt_expectations
  version: 0.8.2
- package: dbt-labs/dbt_external_tables
  version: 0.8.2
- package: dbt-labs/dbt_utils
  version: 1.0.0
- git: https://github.com/FlipsideCrypto/fsc-utils.git
  revision: f285fe2bdbbf50931d80d6628899b763a02cf26c
- package: get-select/dbt_snowflake_query_tags
  version: 2.5.0
- package: calogica/dbt_date
  version: 0.7.2
- git: https://github.com/FlipsideCrypto/livequery-models.git
  revision: b024188be4e9c6bc00ed77797ebdc92d351d620e
sha1_hash: 3253bbe53edc3810010d6a77185e24c1f6321428
